// !$*UTF8*$!
{
	archiveVersion = 1;
	classes = {
	};
	objectVersion = 56;
	objects = {

/* Begin PBXBuildFile section */
		134676512C1AD42F00C404DC /* FinderSync.swift in Sources */ = {isa = PBXBuildFile; fileRef = 134676502C1AD42F00C404DC /* FinderSync.swift */; };
		134676562C1AD42F00C404DC /* FinderX.appex in Embed Foundation Extensions */ = {isa = PBXBuildFile; fileRef = 1346764E2C1AD42F00C404DC /* FinderX.appex */; settings = {ATTRIBUTES = (RemoveHeadersOnCopy, ); }; };
		13D0208F2C1AC97200F77E92 /* AppDelegate.swift in Sources */ = {isa = PBXBuildFile; fileRef = 13D0208E2C1AC97200F77E92 /* AppDelegate.swift */; };
		13D020912C1AC97200F77E92 /* ViewController.swift in Sources */ = {isa = PBXBuildFile; fileRef = 13D020902C1AC97200F77E92 /* ViewController.swift */; };
		13D020932C1AC97400F77E92 /* Assets.xcassets in Resources */ = {isa = PBXBuildFile; fileRef = 13D020922C1AC97400F77E92 /* Assets.xcassets */; };
		13D020962C1AC97400F77E92 /* Base in Resources */ = {isa = PBXBuildFile; fileRef = 13D020952C1AC97400F77E92 /* Base */; };
		ED47F1662E2D9DC35DA2650B /* Pods_MetaX.framework in Frameworks */ = {isa = PBXBuildFile; fileRef = 5BB49897D3F002AF08642053 /* Pods_MetaX.framework */; };
/* End PBXBuildFile section */

/* Begin PBXContainerItemProxy section */
		134676542C1AD42F00C404DC /* PBXContainerItemProxy */ = {
			isa = PBXContainerItemProxy;
			containerPortal = 13D020832C1AC97200F77E92 /* Project object */;
			proxyType = 1;
			remoteGlobalIDString = 1346764D2C1AD42F00C404DC;
			remoteInfo = FinderX;
		};
/* End PBXContainerItemProxy section */

/* Begin PBXCopyFilesBuildPhase section */
		134676572C1AD42F00C404DC /* Embed Foundation Extensions */ = {
			isa = PBXCopyFilesBuildPhase;
			buildActionMask = 2147483647;
			dstPath = "";
			dstSubfolderSpec = 13;
			files = (
				134676562C1AD42F00C404DC /* FinderX.appex in Embed Foundation Extensions */,
			);
			name = "Embed Foundation Extensions";
			runOnlyForDeploymentPostprocessing = 0;
		};
/* End PBXCopyFilesBuildPhase section */

/* Begin PBXFileReference section */
		1346764E2C1AD42F00C404DC /* FinderX.appex */ = {isa = PBXFileReference; explicitFileType = "wrapper.app-extension"; includeInIndex = 0; path = FinderX.appex; sourceTree = BUILT_PRODUCTS_DIR; };
		134676502C1AD42F00C404DC /* FinderSync.swift */ = {isa = PBXFileReference; lastKnownFileType = sourcecode.swift; path = FinderSync.swift; sourceTree = "<group>"; };
		134676522C1AD42F00C404DC /* Info.plist */ = {isa = PBXFileReference; lastKnownFileType = text.plist.xml; path = Info.plist; sourceTree = "<group>"; };
		134676532C1AD42F00C404DC /* FinderX.entitlements */ = {isa = PBXFileReference; lastKnownFileType = text.plist.entitlements; path = FinderX.entitlements; sourceTree = "<group>"; };
		13D0208B2C1AC97200F77E92 /* MetaX.app */ = {isa = PBXFileReference; explicitFileType = wrapper.application; includeInIndex = 0; path = MetaX.app; sourceTree = BUILT_PRODUCTS_DIR; };
		13D0208E2C1AC97200F77E92 /* AppDelegate.swift */ = {isa = PBXFileReference; lastKnownFileType = sourcecode.swift; path = AppDelegate.swift; sourceTree = "<group>"; };
		13D020902C1AC97200F77E92 /* ViewController.swift */ = {isa = PBXFileReference; lastKnownFileType = sourcecode.swift; path = ViewController.swift; sourceTree = "<group>"; };
		13D020922C1AC97400F77E92 /* Assets.xcassets */ = {isa = PBXFileReference; lastKnownFileType = folder.assetcatalog; path = Assets.xcassets; sourceTree = "<group>"; };
		13D020952C1AC97400F77E92 /* Base */ = {isa = PBXFileReference; lastKnownFileType = file.storyboard; name = Base; path = Base.lproj/Main.storyboard; sourceTree = "<group>"; };
		13D020972C1AC97400F77E92 /* MetaX.entitlements */ = {isa = PBXFileReference; lastKnownFileType = text.plist.entitlements; path = MetaX.entitlements; sourceTree = "<group>"; };
		1E8394E7097FE4C096E52A47 /* Pods-MetaX.debug.xcconfig */ = {isa = PBXFileReference; includeInIndex = 1; lastKnownFileType = text.xcconfig; name = "Pods-MetaX.debug.xcconfig"; path = "Target Support Files/Pods-MetaX/Pods-MetaX.debug.xcconfig"; sourceTree = "<group>"; };
		5BB49897D3F002AF08642053 /* Pods_MetaX.framework */ = {isa = PBXFileReference; explicitFileType = wrapper.framework; includeInIndex = 0; path = Pods_MetaX.framework; sourceTree = BUILT_PRODUCTS_DIR; };
		9F75DD6040BBD00BC7B54B27 /* Pods-MetaX.release.xcconfig */ = {isa = PBXFileReference; includeInIndex = 1; lastKnownFileType = text.xcconfig; name = "Pods-MetaX.release.xcconfig"; path = "Target Support Files/Pods-MetaX/Pods-MetaX.release.xcconfig"; sourceTree = "<group>"; };
/* End PBXFileReference section */

/* Begin PBXFrameworksBuildPhase section */
		1346764B2C1AD42F00C404DC /* Frameworks */ = {
			isa = PBXFrameworksBuildPhase;
			buildActionMask = 2147483647;
			files = (
			);
			runOnlyForDeploymentPostprocessing = 0;
		};
		13D020882C1AC97200F77E92 /* Frameworks */ = {
			isa = PBXFrameworksBuildPhase;
			buildActionMask = 2147483647;
			files = (
				ED47F1662E2D9DC35DA2650B /* Pods_MetaX.framework in Frameworks */,
			);
			runOnlyForDeploymentPostprocessing = 0;
		};
/* End PBXFrameworksBuildPhase section */

/* Begin PBXGroup section */
		1346764F2C1AD42F00C404DC /* FinderX */ = {
			isa = PBXGroup;
			children = (
				134676502C1AD42F00C404DC /* FinderSync.swift */,
				134676522C1AD42F00C404DC /* Info.plist */,
				134676532C1AD42F00C404DC /* FinderX.entitlements */,
			);
			path = FinderX;
			sourceTree = "<group>";
		};
		13D020822C1AC97200F77E92 = {
			isa = PBXGroup;
			children = (
				13D0208D2C1AC97200F77E92 /* MetaX */,
				1346764F2C1AD42F00C404DC /* FinderX */,
				13D0208C2C1AC97200F77E92 /* Products */,
				B5237B4C5158EBAD9C35287A /* Pods */,
				7393FC46550132B104BF70A3 /* Frameworks */,
			);
			sourceTree = "<group>";
		};
		13D0208C2C1AC97200F77E92 /* Products */ = {
			isa = PBXGroup;
			children = (
				13D0208B2C1AC97200F77E92 /* MetaX.app */,
				1346764E2C1AD42F00C404DC /* FinderX.appex */,
			);
			name = Products;
			sourceTree = "<group>";
		};
		13D0208D2C1AC97200F77E92 /* MetaX */ = {
			isa = PBXGroup;
			children = (
				13D0208E2C1AC97200F77E92 /* AppDelegate.swift */,
				13D020902C1AC97200F77E92 /* ViewController.swift */,
				13D020922C1AC97400F77E92 /* Assets.xcassets */,
				13D020942C1AC97400F77E92 /* Main.storyboard */,
				13D020972C1AC97400F77E92 /* MetaX.entitlements */,
			);
			path = MetaX;
			sourceTree = "<group>";
		};
		7393FC46550132B104BF70A3 /* Frameworks */ = {
			isa = PBXGroup;
			children = (
				5BB49897D3F002AF08642053 /* Pods_MetaX.framework */,
			);
			name = Frameworks;
			sourceTree = "<group>";
		};
		B5237B4C5158EBAD9C35287A /* Pods */ = {
			isa = PBXGroup;
			children = (
				1E8394E7097FE4C096E52A47 /* Pods-MetaX.debug.xcconfig */,
				9F75DD6040BBD00BC7B54B27 /* Pods-MetaX.release.xcconfig */,
			);
			path = Pods;
			sourceTree = "<group>";
		};
/* End PBXGroup section */

/* Begin PBXNativeTarget section */
		1346764D2C1AD42F00C404DC /* FinderX */ = {
			isa = PBXNativeTarget;
			buildConfigurationList = 1346765A2C1AD42F00C404DC /* Build configuration list for PBXNativeTarget "FinderX" */;
			buildPhases = (
				1346764A2C1AD42F00C404DC /* Sources */,
				1346764B2C1AD42F00C404DC /* Frameworks */,
				1346764C2C1AD42F00C404DC /* Resources */,
			);
			buildRules = (
			);
			dependencies = (
			);
			name = FinderX;
			productName = FinderX;
			productReference = 1346764E2C1AD42F00C404DC /* FinderX.appex */;
			productType = "com.apple.product-type.app-extension";
		};
		13D0208A2C1AC97200F77E92 /* MetaX */ = {
			isa = PBXNativeTarget;
			buildConfigurationList = 13D0209A2C1AC97400F77E92 /* Build configuration list for PBXNativeTarget "MetaX" */;
			buildPhases = (
				390B430F948B999FD986196F /* [CP] Check Pods Manifest.lock */,
				13D020872C1AC97200F77E92 /* Sources */,
				13D020882C1AC97200F77E92 /* Frameworks */,
				13D020892C1AC97200F77E92 /* Resources */,
				134676572C1AD42F00C404DC /* Embed Foundation Extensions */,
			);
			buildRules = (
			);
			dependencies = (
				134676552C1AD42F00C404DC /* PBXTargetDependency */,
			);
			name = MetaX;
			productName = MetaX;
			productReference = 13D0208B2C1AC97200F77E92 /* MetaX.app */;
			productType = "com.apple.product-type.application";
		};
/* End PBXNativeTarget section */

/* Begin PBXProject section */
		13D020832C1AC97200F77E92 /* Project object */ = {
			isa = PBXProject;
			attributes = {
				BuildIndependentTargetsInParallel = 1;
				LastSwiftUpdateCheck = 1540;
				LastUpgradeCheck = 1540;
				TargetAttributes = {
					1346764D2C1AD42F00C404DC = {
						CreatedOnToolsVersion = 15.4;
					};
					13D0208A2C1AC97200F77E92 = {
						CreatedOnToolsVersion = 15.4;
					};
				};
			};
			buildConfigurationList = 13D020862C1AC97200F77E92 /* Build configuration list for PBXProject "MetaX" */;
			compatibilityVersion = "Xcode 14.0";
			developmentRegion = en;
			hasScannedForEncodings = 0;
			knownRegions = (
				en,
				Base,
			);
			mainGroup = 13D020822C1AC97200F77E92;
			productRefGroup = 13D0208C2C1AC97200F77E92 /* Products */;
			projectDirPath = "";
			projectRoot = "";
			targets = (
				13D0208A2C1AC97200F77E92 /* MetaX */,
				1346764D2C1AD42F00C404DC /* FinderX */,
			);
		};
/* End PBXProject section */

/* Begin PBXResourcesBuildPhase section */
		1346764C2C1AD42F00C404DC /* Resources */ = {
			isa = PBXResourcesBuildPhase;
			buildActionMask = 2147483647;
			files = (
			);
			runOnlyForDeploymentPostprocessing = 0;
		};
		13D020892C1AC97200F77E92 /* Resources */ = {
			isa = PBXResourcesBuildPhase;
			buildActionMask = 2147483647;
			files = (
				13D020932C1AC97400F77E92 /* Assets.xcassets in Resources */,
				13D020962C1AC97400F77E92 /* Base in Resources */,
			);
			runOnlyForDeploymentPostprocessing = 0;
		};
/* End PBXResourcesBuildPhase section */

/* Begin PBXShellScriptBuildPhase section */
		390B430F948B999FD986196F /* [CP] Check Pods Manifest.lock */ = {
			isa = PBXShellScriptBuildPhase;
			buildActionMask = 2147483647;
			files = (
			);
			inputFileListPaths = (
			);
			inputPaths = (
				"${PODS_PODFILE_DIR_PATH}/Podfile.lock",
				"${PODS_ROOT}/Manifest.lock",
			);
			name = "[CP] Check Pods Manifest.lock";
			outputFileListPaths = (
			);
			outputPaths = (
				"$(DERIVED_FILE_DIR)/Pods-MetaX-checkManifestLockResult.txt",
			);
			runOnlyForDeploymentPostprocessing = 0;
			shellPath = /bin/sh;
			shellScript = "diff \"${PODS_PODFILE_DIR_PATH}/Podfile.lock\" \"${PODS_ROOT}/Manifest.lock\" > /dev/null\nif [ $? != 0 ] ; then\n    # print error to STDERR\n    echo \"error: The sandbox is not in sync with the Podfile.lock. Run 'pod install' or update your CocoaPods installation.\" >&2\n    exit 1\nfi\n# This output is used by Xcode 'outputs' to avoid re-running this script phase.\necho \"SUCCESS\" > \"${SCRIPT_OUTPUT_FILE_0}\"\n";
			showEnvVarsInLog = 0;
		};
/* End PBXShellScriptBuildPhase section */

/* Begin PBXSourcesBuildPhase section */
		1346764A2C1AD42F00C404DC /* Sources */ = {
			isa = PBXSourcesBuildPhase;
			buildActionMask = 2147483647;
			files = (
				134676512C1AD42F00C404DC /* FinderSync.swift in Sources */,
			);
			runOnlyForDeploymentPostprocessing = 0;
		};
		13D020872C1AC97200F77E92 /* Sources */ = {
			isa = PBXSourcesBuildPhase;
			buildActionMask = 2147483647;
			files = (
				13D020912C1AC97200F77E92 /* ViewController.swift in Sources */,
				13D0208F2C1AC97200F77E92 /* AppDelegate.swift in Sources */,
			);
			runOnlyForDeploymentPostprocessing = 0;
		};
/* End PBXSourcesBuildPhase section */

/* Begin PBXTargetDependency section */
		134676552C1AD42F00C404DC /* PBXTargetDependency */ = {
			isa = PBXTargetDependency;
			target = 1346764D2C1AD42F00C404DC /* FinderX */;
			targetProxy = 134676542C1AD42F00C404DC /* PBXContainerItemProxy */;
		};
/* End PBXTargetDependency section */

/* Begin PBXVariantGroup section */
		13D020942C1AC97400F77E92 /* Main.storyboard */ = {
			isa = PBXVariantGroup;
			children = (
				13D020952C1AC97400F77E92 /* Base */,
			);
			name = Main.storyboard;
			sourceTree = "<group>";
		};
/* End PBXVariantGroup section */

/* Begin XCBuildConfiguration section */
		134676582C1AD42F00C404DC /* Debug */ = {
			isa = XCBuildConfiguration;
			buildSettings = {
				CODE_SIGN_ENTITLEMENTS = FinderX/FinderX.entitlements;
				CODE_SIGN_STYLE = Automatic;
				COMBINE_HIDPI_IMAGES = YES;
				CURRENT_PROJECT_VERSION = 1;
				DEVELOPMENT_TEAM = 5MF9QXWB46;
				ENABLE_HARDENED_RUNTIME = YES;
				GENERATE_INFOPLIST_FILE = YES;
				INFOPLIST_FILE = FinderX/Info.plist;
				INFOPLIST_KEY_CFBundleDisplayName = FinderX;
				INFOPLIST_KEY_NSHumanReadableCopyright = "";
				LD_RUNPATH_SEARCH_PATHS = (
					"$(inherited)",
					"@executable_path/../Frameworks",
					"@executable_path/../../../../Frameworks",
				);
				MARKETING_VERSION = 1.0;
				PRODUCT_BUNDLE_IDENTIFIER = io.viper.macosx.MetaX.FinderX;
				PRODUCT_NAME = "$(TARGET_NAME)";
				SKIP_INSTALL = YES;
				SWIFT_EMIT_LOC_STRINGS = YES;
				SWIFT_VERSION = 5.0;
			};
			name = Debug;
		};
		134676592C1AD42F00C404DC /* Release */ = {
			isa = XCBuildConfiguration;
			buildSettings = {
				CODE_SIGN_ENTITLEMENTS = FinderX/FinderX.entitlements;
				CODE_SIGN_STYLE = Automatic;
				COMBINE_HIDPI_IMAGES = YES;
				CURRENT_PROJECT_VERSION = 1;
				DEVELOPMENT_TEAM = 5MF9QXWB46;
				ENABLE_HARDENED_RUNTIME = YES;
				GENERATE_INFOPLIST_FILE = YES;
				INFOPLIST_FILE = FinderX/Info.plist;
				INFOPLIST_KEY_CFBundleDisplayName = FinderX;
				INFOPLIST_KEY_NSHumanReadableCopyright = "";
				LD_RUNPATH_SEARCH_PATHS = (
					"$(inherited)",
					"@executable_path/../Frameworks",
					"@executable_path/../../../../Frameworks",
				);
				MARKETING_VERSION = 1.0;
				PRODUCT_BUNDLE_IDENTIFIER = io.viper.macosx.MetaX.FinderX;
				PRODUCT_NAME = "$(TARGET_NAME)";
				SKIP_INSTALL = YES;
				SWIFT_EMIT_LOC_STRINGS = YES;
				SWIFT_VERSION = 5.0;
			};
			name = Release;
		};
		13D020982C1AC97400F77E92 /* Debug */ = {
			isa = XCBuildConfiguration;
			buildSettings = {
				ALWAYS_SEARCH_USER_PATHS = NO;
				ASSETCATALOG_COMPILER_GENERATE_SWIFT_ASSET_SYMBOL_EXTENSIONS = YES;
				CLANG_ANALYZER_NONNULL = YES;
				CLANG_ANALYZER_NUMBER_OBJECT_CONVERSION = YES_AGGRESSIVE;
				CLANG_CXX_LANGUAGE_STANDARD = "gnu++20";
				CLANG_ENABLE_MODULES = YES;
				CLANG_ENABLE_OBJC_ARC = YES;
				CLANG_ENABLE_OBJC_WEAK = YES;
				CLANG_WARN_BLOCK_CAPTURE_AUTORELEASING = YES;
				CLANG_WARN_BOOL_CONVERSION = YES;
				CLANG_WARN_COMMA = YES;
				CLANG_WARN_CONSTANT_CONVERSION = YES;
				CLANG_WARN_DEPRECATED_OBJC_IMPLEMENTATIONS = YES;
				CLANG_WARN_DIRECT_OBJC_ISA_USAGE = YES_ERROR;
				CLANG_WARN_DOCUMENTATION_COMMENTS = YES;
				CLANG_WARN_EMPTY_BODY = YES;
				CLANG_WARN_ENUM_CONVERSION = YES;
				CLANG_WARN_INFINITE_RECURSION = YES;
				CLANG_WARN_INT_CONVERSION = YES;
				CLANG_WARN_NON_LITERAL_NULL_CONVERSION = YES;
				CLANG_WARN_OBJC_IMPLICIT_RETAIN_SELF = YES;
				CLANG_WARN_OBJC_LITERAL_CONVERSION = YES;
				CLANG_WARN_OBJC_ROOT_CLASS = YES_ERROR;
				CLANG_WARN_QUOTED_INCLUDE_IN_FRAMEWORK_HEADER = YES;
				CLANG_WARN_RANGE_LOOP_ANALYSIS = YES;
				CLANG_WARN_STRICT_PROTOTYPES = YES;
				CLANG_WARN_SUSPICIOUS_MOVE = YES;
				CLANG_WARN_UNGUARDED_AVAILABILITY = YES_AGGRESSIVE;
				CLANG_WARN_UNREACHABLE_CODE = YES;
				CLANG_WARN__DUPLICATE_METHOD_MATCH = YES;
				COPY_PHASE_STRIP = NO;
				DEBUG_INFORMATION_FORMAT = dwarf;
				ENABLE_STRICT_OBJC_MSGSEND = YES;
				ENABLE_TESTABILITY = YES;
				ENABLE_USER_SCRIPT_SANDBOXING = YES;
				GCC_C_LANGUAGE_STANDARD = gnu17;
				GCC_DYNAMIC_NO_PIC = NO;
				GCC_NO_COMMON_BLOCKS = YES;
				GCC_OPTIMIZATION_LEVEL = 0;
				GCC_PREPROCESSOR_DEFINITIONS = (
					"DEBUG=1",
					"$(inherited)",
				);
				GCC_WARN_64_TO_32_BIT_CONVERSION = YES;
				GCC_WARN_ABOUT_RETURN_TYPE = YES_ERROR;
				GCC_WARN_UNDECLARED_SELECTOR = YES;
				GCC_WARN_UNINITIALIZED_AUTOS = YES_AGGRESSIVE;
				GCC_WARN_UNUSED_FUNCTION = YES;
				GCC_WARN_UNUSED_VARIABLE = YES;
				LOCALIZATION_PREFERS_STRING_CATALOGS = YES;
				MACOSX_DEPLOYMENT_TARGET = 14.5;
				MTL_ENABLE_DEBUG_INFO = INCLUDE_SOURCE;
				MTL_FAST_MATH = YES;
				ONLY_ACTIVE_ARCH = YES;
				SDKROOT = macosx;
				SWIFT_ACTIVE_COMPILATION_CONDITIONS = "DEBUG $(inherited)";
				SWIFT_OPTIMIZATION_LEVEL = "-Onone";
			};
			name = Debug;
		};
		13D020992C1AC97400F77E92 /* Release */ = {
			isa = XCBuildConfiguration;
			buildSettings = {
				ALWAYS_SEARCH_USER_PATHS = NO;
				ASSETCATALOG_COMPILER_GENERATE_SWIFT_ASSET_SYMBOL_EXTENSIONS = YES;
				CLANG_ANALYZER_NONNULL = YES;
				CLANG_ANALYZER_NUMBER_OBJECT_CONVERSION = YES_AGGRESSIVE;
				CLANG_CXX_LANGUAGE_STANDARD = "gnu++20";
				CLANG_ENABLE_MODULES = YES;
				CLANG_ENABLE_OBJC_ARC = YES;
				CLANG_ENABLE_OBJC_WEAK = YES;
				CLANG_WARN_BLOCK_CAPTURE_AUTORELEASING = YES;
				CLANG_WARN_BOOL_CONVERSION = YES;
				CLANG_WARN_COMMA = YES;
				CLANG_WARN_CONSTANT_CONVERSION = YES;
				CLANG_WARN_DEPRECATED_OBJC_IMPLEMENTATIONS = YES;
				CLANG_WARN_DIRECT_OBJC_ISA_USAGE = YES_ERROR;
				CLANG_WARN_DOCUMENTATION_COMMENTS = YES;
				CLANG_WARN_EMPTY_BODY = YES;
				CLANG_WARN_ENUM_CONVERSION = YES;
				CLANG_WARN_INFINITE_RECURSION = YES;
				CLANG_WARN_INT_CONVERSION = YES;
				CLANG_WARN_NON_LITERAL_NULL_CONVERSION = YES;
				CLANG_WARN_OBJC_IMPLICIT_RETAIN_SELF = YES;
				CLANG_WARN_OBJC_LITERAL_CONVERSION = YES;
				CLANG_WARN_OBJC_ROOT_CLASS = YES_ERROR;
				CLANG_WARN_QUOTED_INCLUDE_IN_FRAMEWORK_HEADER = YES;
				CLANG_WARN_RANGE_LOOP_ANALYSIS = YES;
				CLANG_WARN_STRICT_PROTOTYPES = YES;
				CLANG_WARN_SUSPICIOUS_MOVE = YES;
				CLANG_WARN_UNGUARDED_AVAILABILITY = YES_AGGRESSIVE;
				CLANG_WARN_UNREACHABLE_CODE = YES;
				CLANG_WARN__DUPLICATE_METHOD_MATCH = YES;
				COPY_PHASE_STRIP = NO;
				DEBUG_INFORMATION_FORMAT = "dwarf-with-dsym";
				ENABLE_NS_ASSERTIONS = NO;
				ENABLE_STRICT_OBJC_MSGSEND = YES;
				ENABLE_USER_SCRIPT_SANDBOXING = YES;
				GCC_C_LANGUAGE_STANDARD = gnu17;
				GCC_NO_COMMON_BLOCKS = YES;
				GCC_WARN_64_TO_32_BIT_CONVERSION = YES;
				GCC_WARN_ABOUT_RETURN_TYPE = YES_ERROR;
				GCC_WARN_UNDECLARED_SELECTOR = YES;
				GCC_WARN_UNINITIALIZED_AUTOS = YES_AGGRESSIVE;
				GCC_WARN_UNUSED_FUNCTION = YES;
				GCC_WARN_UNUSED_VARIABLE = YES;
				LOCALIZATION_PREFERS_STRING_CATALOGS = YES;
				MACOSX_DEPLOYMENT_TARGET = 14.5;
				MTL_ENABLE_DEBUG_INFO = NO;
				MTL_FAST_MATH = YES;
				SDKROOT = macosx;
				SWIFT_COMPILATION_MODE = wholemodule;
			};
			name = Release;
		};
		13D0209B2C1AC97400F77E92 /* Debug */ = {
			isa = XCBuildConfiguration;
			baseConfigurationReference = 1E8394E7097FE4C096E52A47 /* Pods-MetaX.debug.xcconfig */;
			buildSettings = {
				ALWAYS_EMBED_SWIFT_STANDARD_LIBRARIES = YES;
				ASSETCATALOG_COMPILER_APPICON_NAME = AppIcon;
				ASSETCATALOG_COMPILER_GLOBAL_ACCENT_COLOR_NAME = AccentColor;
				CODE_SIGN_ENTITLEMENTS = MetaX/MetaX.entitlements;
				CODE_SIGN_STYLE = Automatic;
				COMBINE_HIDPI_IMAGES = YES;
				CURRENT_PROJECT_VERSION = 1;
				DEVELOPMENT_TEAM = 5MF9QXWB46;
				ENABLE_HARDENED_RUNTIME = YES;
				GENERATE_INFOPLIST_FILE = YES;
				INFOPLIST_KEY_NSHumanReadableCopyright = "";
				INFOPLIST_KEY_NSMainStoryboardFile = Main;
				INFOPLIST_KEY_NSPrincipalClass = NSApplication;
				LD_RUNPATH_SEARCH_PATHS = (
					"$(inherited)",
					"@executable_path/../Frameworks",
				);
				MARKETING_VERSION = 1.0.0;
				PRODUCT_BUNDLE_IDENTIFIER = io.viper.macosx.MetaX;
				PRODUCT_NAME = "$(TARGET_NAME)";
				SWIFT_EMIT_LOC_STRINGS = YES;
				SWIFT_VERSION = 5.0;
			};
			name = Debug;
		};
		13D0209C2C1AC97400F77E92 /* Release */ = {
			isa = XCBuildConfiguration;
			baseConfigurationReference = 9F75DD6040BBD00BC7B54B27 /* Pods-MetaX.release.xcconfig */;
			buildSettings = {
				ALWAYS_EMBED_SWIFT_STANDARD_LIBRARIES = YES;
				ASSETCATALOG_COMPILER_APPICON_NAME = AppIcon;
				ASSETCATALOG_COMPILER_GLOBAL_ACCENT_COLOR_NAME = AccentColor;
				CODE_SIGN_ENTITLEMENTS = MetaX/MetaX.entitlements;
				CODE_SIGN_STYLE = Automatic;
				COMBINE_HIDPI_IMAGES = YES;
				CURRENT_PROJECT_VERSION = 1;
				DEVELOPMENT_TEAM = 5MF9QXWB46;
				ENABLE_HARDENED_RUNTIME = YES;
				GENERATE_INFOPLIST_FILE = YES;
				INFOPLIST_KEY_NSHumanReadableCopyright = "";
				INFOPLIST_KEY_NSMainStoryboardFile = Main;
				INFOPLIST_KEY_NSPrincipalClass = NSApplication;
				LD_RUNPATH_SEARCH_PATHS = (
					"$(inherited)",
					"@executable_path/../Frameworks",
				);
				MARKETING_VERSION = 1.0.0;
				PRODUCT_BUNDLE_IDENTIFIER = io.viper.macosx.MetaX;
				PRODUCT_NAME = "$(TARGET_NAME)";
				SWIFT_EMIT_LOC_STRINGS = YES;
				SWIFT_VERSION = 5.0;
			};
			name = Release;
		};
/* End XCBuildConfiguration section */

/* Begin XCConfigurationList section */
		1346765A2C1AD42F00C404DC /* Build configuration list for PBXNativeTarget "FinderX" */ = {
			isa = XCConfigurationList;
			buildConfigurations = (
				134676582C1AD42F00C404DC /* Debug */,
				134676592C1AD42F00C404DC /* Release */,
			);
			defaultConfigurationIsVisible = 0;
			defaultConfigurationName = Release;
		};
		13D020862C1AC97200F77E92 /* Build configuration list for PBXProject "MetaX" */ = {
			isa = XCConfigurationList;
			buildConfigurations = (
				13D020982C1AC97400F77E92 /* Debug */,
				13D020992C1AC97400F77E92 /* Release */,
			);
			defaultConfigurationIsVisible = 0;
			defaultConfigurationName = Release;
		};
		13D0209A2C1AC97400F77E92 /* Build configuration list for PBXNativeTarget "MetaX" */ = {
			isa = XCConfigurationList;
			buildConfigurations = (
				13D0209B2C1AC97400F77E92 /* Debug */,
				13D0209C2C1AC97400F77E92 /* Release */,
			);
			defaultConfigurationIsVisible = 0;
			defaultConfigurationName = Release;
		};
/* End XCConfigurationList section */
	};
	rootObject = 13D020832C1AC97200F77E92 /* Project object */;
}
